# generated by rye
# use `rye lock` or `rye sync` to update this lockfile
#
# last locked with the following flags:
#   pre: false
#   features: []
#   all-features: false
#   with-sources: false
#   generate-hashes: false

-e file:.
ablog==0.11.10
    # via blogger-migrate
alabaster==0.7.16
    # via sphinx
anyio==4.4.0
    # via starlette
    # via watchfiles
apeye==1.4.1
    # via sphinx-toolbox
apeye-core==1.1.5
    # via apeye
autodocsumm==0.2.12
    # via sphinx-toolbox
babel==2.15.0
    # via sphinx
beautifulsoup4==4.12.3
    # via blogger-migrate
    # via sphinx-toolbox
cachecontrol==0.14.0
    # via sphinx-toolbox
certifi==2024.7.4
    # via requests
charset-normalizer==3.3.2
    # via requests
click==8.1.7
    # via typer
    # via uvicorn
colorama==0.4.6
    # via sphinx-autobuild
cssutils==2.11.1
    # via dict2css
dict2css==0.3.0.post1
    # via sphinx-toolbox
docutils==0.21.2
    # via ablog
    # via sphinx
    # via sphinx-prompt
    # via sphinx-tabs
    # via sphinx-toolbox
domdf-python-tools==3.9.0
    # via apeye
    # via apeye-core
    # via dict2css
    # via sphinx-toolbox
feedgen==1.0.0
    # via ablog
feedparser==6.0.11
    # via blogger-migrate
filelock==3.15.4
    # via cachecontrol
    # via sphinx-toolbox
h11==0.14.0
    # via uvicorn
html2text==2024.2.26
    # via blogger-migrate
html5lib==1.1
    # via sphinx-toolbox
idna==3.7
    # via anyio
    # via apeye-core
    # via requests
imagesize==1.4.1
    # via sphinx
invoke==2.2.0
    # via ablog
jinja2==3.1.4
    # via sphinx
    # via sphinx-jinja2-compat
lxml==5.2.2
    # via feedgen
markdown-it-py==3.0.0
    # via rich
markupsafe==2.1.5
    # via jinja2
    # via sphinx-jinja2-compat
mdurl==0.1.2
    # via markdown-it-py
more-itertools==10.3.0
    # via cssutils
msgpack==1.0.8
    # via cachecontrol
natsort==8.4.0
    # via domdf-python-tools
packaging==24.1
    # via ablog
    # via sphinx
pandoc==2.3
    # via blogger-migrate
platformdirs==4.2.2
    # via apeye
plumbum==1.8.3
    # via pandoc
ply==3.11
    # via pandoc
pygments==2.18.0
    # via rich
    # via sphinx
    # via sphinx-prompt
    # via sphinx-tabs
python-dateutil==2.9.0.post0
    # via ablog
    # via feedgen
pyyaml==6.0.1
    # via blogger-migrate
requests==2.32.3
    # via apeye
    # via cachecontrol
    # via sphinx
rich==13.7.1
    # via typer
ruamel-yaml==0.18.6
    # via sphinx-toolbox
ruamel-yaml-clib==0.2.8
    # via ruamel-yaml
sgmllib3k==1.0.0
    # via feedparser
shellingham==1.5.4
    # via typer
shibuya==2024.7.13
    # via blogger-migrate
six==1.16.0
    # via html5lib
    # via python-dateutil
sniffio==1.3.1
    # via anyio
snowballstemmer==2.2.0
    # via sphinx
soupsieve==2.5
    # via beautifulsoup4
sphinx==7.4.7
    # via ablog
    # via autodocsumm
    # via blogger-migrate
    # via shibuya
    # via sphinx-autobuild
    # via sphinx-autodoc-typehints
    # via sphinx-copybutton
    # via sphinx-design
    # via sphinx-prompt
    # via sphinx-tabs
    # via sphinx-toolbox
sphinx-autobuild==2024.4.16
    # via blogger-migrate
sphinx-autodoc-typehints==2.2.3
    # via sphinx-toolbox
sphinx-copybutton==0.5.2
    # via blogger-migrate
sphinx-design==0.6.0
    # via blogger-migrate
sphinx-jinja2-compat==0.3.0
    # via sphinx-toolbox
sphinx-prompt==1.8.0
    # via sphinx-toolbox
sphinx-tabs==3.4.5
    # via sphinx-toolbox
sphinx-toolbox==3.7.0
    # via blogger-migrate
sphinxcontrib-applehelp==1.0.8
    # via sphinx
sphinxcontrib-devhelp==1.0.6
    # via sphinx
sphinxcontrib-htmlhelp==2.0.6
    # via sphinx
sphinxcontrib-jsmath==1.0.1
    # via sphinx
sphinxcontrib-qthelp==1.0.8
    # via sphinx
sphinxcontrib-serializinghtml==1.1.10
    # via sphinx
starlette==0.38.1
    # via sphinx-autobuild
tabulate==0.9.0
    # via sphinx-toolbox
typer==0.12.3
    # via blogger-migrate
typing-extensions==4.12.2
    # via domdf-python-tools
    # via sphinx-toolbox
    # via typer
urllib3==2.2.2
    # via requests
uvicorn==0.30.3
    # via sphinx-autobuild
watchdog==4.0.1
    # via ablog
watchfiles==0.22.0
    # via sphinx-autobuild
webencodings==0.5.1
    # via html5lib
websockets==12.0
    # via sphinx-autobuild
